{
  "object": {
    "pins": [
      {
        "package": "FloatingPanel",
        "repositoryURL": "https://github.com/scenee/FloatingPanel",
        "state": {
          "branch": null,
          "revision": "ca7596e1cae161415f54059a8c44b82c95724160",
          "version": "1.7.6"
        }
      }
    ]
  },
  "version": 1
}
