// !$*UTF8*$!
{
	archiveVersion = 1;
	classes = {
	};
	objectVersion = 55;
	objects = {

/* Begin PBXBuildFile section */
		AC2573E62769F5E000CB22F2 /* TabBarItem.swift in Sources */ = {isa = PBXBuildFile; fileRef = AC2573E22769F5E000CB22F2 /* TabBarItem.swift */; };
		AC2573E72769F5E000CB22F2 /* CustomTabBarView.swift in Sources */ = {isa = PBXBuildFile; fileRef = AC2573E32769F5E000CB22F2 /* CustomTabBarView.swift */; };
		AC2573E82769F5E000CB22F2 /* CustomTabBarContainerView.swift in Sources */ = {isa = PBXBuildFile; fileRef = AC2573E52769F5E000CB22F2 /* CustomTabBarContainerView.swift */; };
		AC2573E92769F5E000CB22F2 /* TabBarItemPreferenceKey.swift in Sources */ = {isa = PBXBuildFile; fileRef = AC2573E12769F5E000CB22F2 /* TabBarItemPreferenceKey.swift */; };
		AC2573EA2769F5E000CB22F2 /* CustomTabBarItemView.swift in Sources */ = {isa = PBXBuildFile; fileRef = AC2573E42769F5E000CB22F2 /* CustomTabBarItemView.swift */; };
		AC2573ED2769F85800CB22F2 /* BookView.swift in Sources */ = {isa = PBXBuildFile; fileRef = AC2573EC2769F85800CB22F2 /* BookView.swift */; };
		AC4FE374276221310070DBAF /* User.swift in Sources */ = {isa = PBXBuildFile; fileRef = AC4FE373276221310070DBAF /* User.swift */; };
		AC6A83B52763BAE5004765DF /* FloatingView.swift in Sources */ = {isa = PBXBuildFile; fileRef = AC6A83B42763BAE5004765DF /* FloatingView.swift */; };
		AC6A83B72763BBC0004765DF /* MapView.swift in Sources */ = {isa = PBXBuildFile; fileRef = AC6A83B62763BBC0004765DF /* MapView.swift */; };
		ACB934592760F348003144B2 /* MapsTestApp.swift in Sources */ = {isa = PBXBuildFile; fileRef = ACB934582760F348003144B2 /* MapsTestApp.swift */; };
		ACB9345B2760F348003144B2 /* DiscoveryView.swift in Sources */ = {isa = PBXBuildFile; fileRef = ACB9345A2760F348003144B2 /* DiscoveryView.swift */; };
		ACB9345D2760F349003144B2 /* Assets.xcassets in Resources */ = {isa = PBXBuildFile; fileRef = ACB9345C2760F349003144B2 /* Assets.xcassets */; };
		ACB934602760F349003144B2 /* Preview Assets.xcassets in Resources */ = {isa = PBXBuildFile; fileRef = ACB9345F2760F349003144B2 /* Preview Assets.xcassets */; };
		ACB9347427611577003144B2 /* Extensions.swift in Sources */ = {isa = PBXBuildFile; fileRef = ACB9347327611577003144B2 /* Extensions.swift */; };
		ACB9347627611886003144B2 /* RootView.swift in Sources */ = {isa = PBXBuildFile; fileRef = ACB9347527611886003144B2 /* RootView.swift */; };
		ACB93478276118C3003144B2 /* HomeView.swift in Sources */ = {isa = PBXBuildFile; fileRef = ACB93477276118C3003144B2 /* HomeView.swift */; };
		ACB9347A27611ED1003144B2 /* DiscoverUserView.swift in Sources */ = {isa = PBXBuildFile; fileRef = ACB9347927611ED1003144B2 /* DiscoverUserView.swift */; };
		ACB9347C27611FE7003144B2 /* DiscoverUsersView.swift in Sources */ = {isa = PBXBuildFile; fileRef = ACB9347B27611FE7003144B2 /* DiscoverUsersView.swift */; };
/* End PBXBuildFile section */

/* Begin PBXFileReference section */
		AC2573E12769F5E000CB22F2 /* TabBarItemPreferenceKey.swift */ = {isa = PBXFileReference; lastKnownFileType = sourcecode.swift; path = TabBarItemPreferenceKey.swift; sourceTree = "<group>"; };
		AC2573E22769F5E000CB22F2 /* TabBarItem.swift */ = {isa = PBXFileReference; lastKnownFileType = sourcecode.swift; path = TabBarItem.swift; sourceTree = "<group>"; };
		AC2573E32769F5E000CB22F2 /* CustomTabBarView.swift */ = {isa = PBXFileReference; lastKnownFileType = sourcecode.swift; path = CustomTabBarView.swift; sourceTree = "<group>"; };
		AC2573E42769F5E000CB22F2 /* CustomTabBarItemView.swift */ = {isa = PBXFileReference; lastKnownFileType = sourcecode.swift; path = CustomTabBarItemView.swift; sourceTree = "<group>"; };
		AC2573E52769F5E000CB22F2 /* CustomTabBarContainerView.swift */ = {isa = PBXFileReference; lastKnownFileType = sourcecode.swift; path = CustomTabBarContainerView.swift; sourceTree = "<group>"; };
		AC2573EC2769F85800CB22F2 /* BookView.swift */ = {isa = PBXFileReference; lastKnownFileType = sourcecode.swift; path = BookView.swift; sourceTree = "<group>"; };
		AC4FE373276221310070DBAF /* User.swift */ = {isa = PBXFileReference; lastKnownFileType = sourcecode.swift; path = User.swift; sourceTree = "<group>"; };
		AC6A83B42763BAE5004765DF /* FloatingView.swift */ = {isa = PBXFileReference; fileEncoding = 4; lastKnownFileType = sourcecode.swift; path = FloatingView.swift; sourceTree = "<group>"; };
		AC6A83B62763BBC0004765DF /* MapView.swift */ = {isa = PBXFileReference; lastKnownFileType = sourcecode.swift; path = MapView.swift; sourceTree = "<group>"; };
		ACB934552760F348003144B2 /* Discovery Demo.app */ = {isa = PBXFileReference; explicitFileType = wrapper.application; includeInIndex = 0; path = "Discovery Demo.app"; sourceTree = BUILT_PRODUCTS_DIR; };
		ACB934582760F348003144B2 /* MapsTestApp.swift */ = {isa = PBXFileReference; lastKnownFileType = sourcecode.swift; path = MapsTestApp.swift; sourceTree = "<group>"; };
		ACB9345A2760F348003144B2 /* DiscoveryView.swift */ = {isa = PBXFileReference; lastKnownFileType = sourcecode.swift; path = DiscoveryView.swift; sourceTree = "<group>"; };
		ACB9345C2760F349003144B2 /* Assets.xcassets */ = {isa = PBXFileReference; lastKnownFileType = folder.assetcatalog; path = Assets.xcassets; sourceTree = "<group>"; };
		ACB9345F2760F349003144B2 /* Preview Assets.xcassets */ = {isa = PBXFileReference; lastKnownFileType = folder.assetcatalog; path = "Preview Assets.xcassets"; sourceTree = "<group>"; };
		ACB9347327611577003144B2 /* Extensions.swift */ = {isa = PBXFileReference; lastKnownFileType = sourcecode.swift; path = Extensions.swift; sourceTree = "<group>"; };
		ACB9347527611886003144B2 /* RootView.swift */ = {isa = PBXFileReference; lastKnownFileType = sourcecode.swift; path = RootView.swift; sourceTree = "<group>"; };
		ACB93477276118C3003144B2 /* HomeView.swift */ = {isa = PBXFileReference; lastKnownFileType = sourcecode.swift; path = HomeView.swift; sourceTree = "<group>"; };
		ACB9347927611ED1003144B2 /* DiscoverUserView.swift */ = {isa = PBXFileReference; lastKnownFileType = sourcecode.swift; path = DiscoverUserView.swift; sourceTree = "<group>"; };
		ACB9347B27611FE7003144B2 /* DiscoverUsersView.swift */ = {isa = PBXFileReference; lastKnownFileType = sourcecode.swift; path = DiscoverUsersView.swift; sourceTree = "<group>"; };
/* End PBXFileReference section */

/* Begin PBXFrameworksBuildPhase section */
		ACB934522760F348003144B2 /* Frameworks */ = {
			isa = PBXFrameworksBuildPhase;
			buildActionMask = 2147483647;
			files = (
			);
			runOnlyForDeploymentPostprocessing = 0;
		};
/* End PBXFrameworksBuildPhase section */

/* Begin PBXGroup section */
		AC2573EB2769F5E800CB22F2 /* CustomTabBar */ = {
			isa = PBXGroup;
			children = (
				AC2573E52769F5E000CB22F2 /* CustomTabBarContainerView.swift */,
				AC2573E42769F5E000CB22F2 /* CustomTabBarItemView.swift */,
				AC2573E32769F5E000CB22F2 /* CustomTabBarView.swift */,
				AC2573E22769F5E000CB22F2 /* TabBarItem.swift */,
				AC2573E12769F5E000CB22F2 /* TabBarItemPreferenceKey.swift */,
			);
			path = CustomTabBar;
			sourceTree = "<group>";
		};
		ACB9344C2760F348003144B2 = {
			isa = PBXGroup;
			children = (
				ACB934572760F348003144B2 /* MapsTest */,
				ACB934562760F348003144B2 /* Products */,
			);
			sourceTree = "<group>";
		};
		ACB934562760F348003144B2 /* Products */ = {
			isa = PBXGroup;
			children = (
				ACB934552760F348003144B2 /* Discovery Demo.app */,
			);
			name = Products;
			sourceTree = "<group>";
		};
		ACB934572760F348003144B2 /* MapsTest */ = {
			isa = PBXGroup;
			children = (
				AC2573EB2769F5E800CB22F2 /* CustomTabBar */,
				ACB934582760F348003144B2 /* MapsTestApp.swift */,
				ACB9347527611886003144B2 /* RootView.swift */,
				ACB93477276118C3003144B2 /* HomeView.swift */,
				ACB9345A2760F348003144B2 /* DiscoveryView.swift */,
				ACB9347327611577003144B2 /* Extensions.swift */,
				AC6A83B42763BAE5004765DF /* FloatingView.swift */,
				ACB9347927611ED1003144B2 /* DiscoverUserView.swift */,
				ACB9347B27611FE7003144B2 /* DiscoverUsersView.swift */,
				AC4FE373276221310070DBAF /* User.swift */,
				AC2573EC2769F85800CB22F2 /* BookView.swift */,
				AC6A83B62763BBC0004765DF /* MapView.swift */,
				ACB9345C2760F349003144B2 /* Assets.xcassets */,
				ACB9345E2760F349003144B2 /* Preview Content */,
			);
			path = MapsTest;
			sourceTree = "<group>";
		};
		ACB9345E2760F349003144B2 /* Preview Content */ = {
			isa = PBXGroup;
			children = (
				ACB9345F2760F349003144B2 /* Preview Assets.xcassets */,
			);
			path = "Preview Content";
			sourceTree = "<group>";
		};
/* End PBXGroup section */

/* Begin PBXNativeTarget section */
		ACB934542760F348003144B2 /* MapsTest */ = {
			isa = PBXNativeTarget;
			buildConfigurationList = ACB934632760F349003144B2 /* Build configuration list for PBXNativeTarget "MapsTest" */;
			buildPhases = (
				ACB934512760F348003144B2 /* Sources */,
				ACB934522760F348003144B2 /* Frameworks */,
				ACB934532760F348003144B2 /* Resources */,
			);
			buildRules = (
			);
			dependencies = (
			);
			name = MapsTest;
			packageProductDependencies = (
			);
			productName = MapsTest;
			productReference = ACB934552760F348003144B2 /* Discovery Demo.app */;
			productType = "com.apple.product-type.application";
		};
/* End PBXNativeTarget section */

/* Begin PBXProject section */
		ACB9344D2760F348003144B2 /* Project object */ = {
			isa = PBXProject;
			attributes = {
				BuildIndependentTargetsInParallel = 1;
				LastSwiftUpdateCheck = 1310;
				LastUpgradeCheck = 1310;
				TargetAttributes = {
					ACB934542760F348003144B2 = {
						CreatedOnToolsVersion = 13.1;
					};
				};
			};
			buildConfigurationList = ACB934502760F348003144B2 /* Build configuration list for PBXProject "MapsTest" */;
			compatibilityVersion = "Xcode 13.0";
			developmentRegion = en;
			hasScannedForEncodings = 0;
			knownRegions = (
				en,
				Base,
			);
			mainGroup = ACB9344C2760F348003144B2;
			packageReferences = (
			);
			productRefGroup = ACB934562760F348003144B2 /* Products */;
			projectDirPath = "";
			projectRoot = "";
			targets = (
				ACB934542760F348003144B2 /* MapsTest */,
			);
		};
/* End PBXProject section */

/* Begin PBXResourcesBuildPhase section */
		ACB934532760F348003144B2 /* Resources */ = {
			isa = PBXResourcesBuildPhase;
			buildActionMask = 2147483647;
			files = (
				ACB934602760F349003144B2 /* Preview Assets.xcassets in Resources */,
				ACB9345D2760F349003144B2 /* Assets.xcassets in Resources */,
			);
			runOnlyForDeploymentPostprocessing = 0;
		};
/* End PBXResourcesBuildPhase section */

/* Begin PBXSourcesBuildPhase section */
		ACB934512760F348003144B2 /* Sources */ = {
			isa = PBXSourcesBuildPhase;
			buildActionMask = 2147483647;
			files = (
				ACB9347427611577003144B2 /* Extensions.swift in Sources */,
				ACB9345B2760F348003144B2 /* DiscoveryView.swift in Sources */,
				ACB9347A27611ED1003144B2 /* DiscoverUserView.swift in Sources */,
				AC2573EA2769F5E000CB22F2 /* CustomTabBarItemView.swift in Sources */,
				AC2573E72769F5E000CB22F2 /* CustomTabBarView.swift in Sources */,
				ACB9347C27611FE7003144B2 /* DiscoverUsersView.swift in Sources */,
				AC2573E62769F5E000CB22F2 /* TabBarItem.swift in Sources */,
				AC4FE374276221310070DBAF /* User.swift in Sources */,
				AC2573E92769F5E000CB22F2 /* TabBarItemPreferenceKey.swift in Sources */,
				ACB9347627611886003144B2 /* RootView.swift in Sources */,
				ACB93478276118C3003144B2 /* HomeView.swift in Sources */,
				AC2573E82769F5E000CB22F2 /* CustomTabBarContainerView.swift in Sources */,
				AC6A83B72763BBC0004765DF /* MapView.swift in Sources */,
				AC6A83B52763BAE5004765DF /* FloatingView.swift in Sources */,
				ACB934592760F348003144B2 /* MapsTestApp.swift in Sources */,
				AC2573ED2769F85800CB22F2 /* BookView.swift in Sources */,
			);
			runOnlyForDeploymentPostprocessing = 0;
		};
/* End PBXSourcesBuildPhase section */

/* Begin XCBuildConfiguration section */
		ACB934612760F349003144B2 /* Debug */ = {
			isa = XCBuildConfiguration;
			buildSettings = {
				ALWAYS_SEARCH_USER_PATHS = NO;
				CLANG_ANALYZER_NONNULL = YES;
				CLANG_ANALYZER_NUMBER_OBJECT_CONVERSION = YES_AGGRESSIVE;
				CLANG_CXX_LANGUAGE_STANDARD = "gnu++17";
				CLANG_CXX_LIBRARY = "libc++";
				CLANG_ENABLE_MODULES = YES;
				CLANG_ENABLE_OBJC_ARC = YES;
				CLANG_ENABLE_OBJC_WEAK = YES;
				CLANG_WARN_BLOCK_CAPTURE_AUTORELEASING = YES;
				CLANG_WARN_BOOL_CONVERSION = YES;
				CLANG_WARN_COMMA = YES;
				CLANG_WARN_CONSTANT_CONVERSION = YES;
				CLANG_WARN_DEPRECATED_OBJC_IMPLEMENTATIONS = YES;
				CLANG_WARN_DIRECT_OBJC_ISA_USAGE = YES_ERROR;
				CLANG_WARN_DOCUMENTATION_COMMENTS = YES;
				CLANG_WARN_EMPTY_BODY = YES;
				CLANG_WARN_ENUM_CONVERSION = YES;
				CLANG_WARN_INFINITE_RECURSION = YES;
				CLANG_WARN_INT_CONVERSION = YES;
				CLANG_WARN_NON_LITERAL_NULL_CONVERSION = YES;
				CLANG_WARN_OBJC_IMPLICIT_RETAIN_SELF = YES;
				CLANG_WARN_OBJC_LITERAL_CONVERSION = YES;
				CLANG_WARN_OBJC_ROOT_CLASS = YES_ERROR;
				CLANG_WARN_QUOTED_INCLUDE_IN_FRAMEWORK_HEADER = YES;
				CLANG_WARN_RANGE_LOOP_ANALYSIS = YES;
				CLANG_WARN_STRICT_PROTOTYPES = YES;
				CLANG_WARN_SUSPICIOUS_MOVE = YES;
				CLANG_WARN_UNGUARDED_AVAILABILITY = YES_AGGRESSIVE;
				CLANG_WARN_UNREACHABLE_CODE = YES;
				CLANG_WARN__DUPLICATE_METHOD_MATCH = YES;
				COPY_PHASE_STRIP = NO;
				DEBUG_INFORMATION_FORMAT = dwarf;
				ENABLE_STRICT_OBJC_MSGSEND = YES;
				ENABLE_TESTABILITY = YES;
				GCC_C_LANGUAGE_STANDARD = gnu11;
				GCC_DYNAMIC_NO_PIC = NO;
				GCC_NO_COMMON_BLOCKS = YES;
				GCC_OPTIMIZATION_LEVEL = 0;
				GCC_PREPROCESSOR_DEFINITIONS = (
					"DEBUG=1",
					"$(inherited)",
				);
				GCC_WARN_64_TO_32_BIT_CONVERSION = YES;
				GCC_WARN_ABOUT_RETURN_TYPE = YES_ERROR;
				GCC_WARN_UNDECLARED_SELECTOR = YES;
				GCC_WARN_UNINITIALIZED_AUTOS = YES_AGGRESSIVE;
				GCC_WARN_UNUSED_FUNCTION = YES;
				GCC_WARN_UNUSED_VARIABLE = YES;
				IPHONEOS_DEPLOYMENT_TARGET = 15.0;
				MTL_ENABLE_DEBUG_INFO = INCLUDE_SOURCE;
				MTL_FAST_MATH = YES;
				ONLY_ACTIVE_ARCH = YES;
				SDKROOT = iphoneos;
				SWIFT_ACTIVE_COMPILATION_CONDITIONS = DEBUG;
				SWIFT_OPTIMIZATION_LEVEL = "-Onone";
			};
			name = Debug;
		};
		ACB934622760F349003144B2 /* Release */ = {
			isa = XCBuildConfiguration;
			buildSettings = {
				ALWAYS_SEARCH_USER_PATHS = NO;
				CLANG_ANALYZER_NONNULL = YES;
				CLANG_ANALYZER_NUMBER_OBJECT_CONVERSION = YES_AGGRESSIVE;
				CLANG_CXX_LANGUAGE_STANDARD = "gnu++17";
				CLANG_CXX_LIBRARY = "libc++";
				CLANG_ENABLE_MODULES = YES;
				CLANG_ENABLE_OBJC_ARC = YES;
				CLANG_ENABLE_OBJC_WEAK = YES;
				CLANG_WARN_BLOCK_CAPTURE_AUTORELEASING = YES;
				CLANG_WARN_BOOL_CONVERSION = YES;
				CLANG_WARN_COMMA = YES;
				CLANG_WARN_CONSTANT_CONVERSION = YES;
				CLANG_WARN_DEPRECATED_OBJC_IMPLEMENTATIONS = YES;
				CLANG_WARN_DIRECT_OBJC_ISA_USAGE = YES_ERROR;
				CLANG_WARN_DOCUMENTATION_COMMENTS = YES;
				CLANG_WARN_EMPTY_BODY = YES;
				CLANG_WARN_ENUM_CONVERSION = YES;
				CLANG_WARN_INFINITE_RECURSION = YES;
				CLANG_WARN_INT_CONVERSION = YES;
				CLANG_WARN_NON_LITERAL_NULL_CONVERSION = YES;
				CLANG_WARN_OBJC_IMPLICIT_RETAIN_SELF = YES;
				CLANG_WARN_OBJC_LITERAL_CONVERSION = YES;
				CLANG_WARN_OBJC_ROOT_CLASS = YES_ERROR;
				CLANG_WARN_QUOTED_INCLUDE_IN_FRAMEWORK_HEADER = YES;
				CLANG_WARN_RANGE_LOOP_ANALYSIS = YES;
				CLANG_WARN_STRICT_PROTOTYPES = YES;
				CLANG_WARN_SUSPICIOUS_MOVE = YES;
				CLANG_WARN_UNGUARDED_AVAILABILITY = YES_AGGRESSIVE;
				CLANG_WARN_UNREACHABLE_CODE = YES;
				CLANG_WARN__DUPLICATE_METHOD_MATCH = YES;
				COPY_PHASE_STRIP = NO;
				DEBUG_INFORMATION_FORMAT = "dwarf-with-dsym";
				ENABLE_NS_ASSERTIONS = NO;
				ENABLE_STRICT_OBJC_MSGSEND = YES;
				GCC_C_LANGUAGE_STANDARD = gnu11;
				GCC_NO_COMMON_BLOCKS = YES;
				GCC_WARN_64_TO_32_BIT_CONVERSION = YES;
				GCC_WARN_ABOUT_RETURN_TYPE = YES_ERROR;
				GCC_WARN_UNDECLARED_SELECTOR = YES;
				GCC_WARN_UNINITIALIZED_AUTOS = YES_AGGRESSIVE;
				GCC_WARN_UNUSED_FUNCTION = YES;
				GCC_WARN_UNUSED_VARIABLE = YES;
				IPHONEOS_DEPLOYMENT_TARGET = 15.0;
				MTL_ENABLE_DEBUG_INFO = NO;
				MTL_FAST_MATH = YES;
				SDKROOT = iphoneos;
				SWIFT_COMPILATION_MODE = wholemodule;
				SWIFT_OPTIMIZATION_LEVEL = "-O";
				VALIDATE_PRODUCT = YES;
			};
			name = Release;
		};
		ACB934642760F349003144B2 /* Debug */ = {
			isa = XCBuildConfiguration;
			buildSettings = {
				ASSETCATALOG_COMPILER_APPICON_NAME = AppIcon;
				ASSETCATALOG_COMPILER_GLOBAL_ACCENT_COLOR_NAME = AccentColor;
				CODE_SIGN_STYLE = Automatic;
				CURRENT_PROJECT_VERSION = 1;
				DEVELOPMENT_ASSET_PATHS = "\"MapsTest/Preview Content\"";
				DEVELOPMENT_TEAM = BSKZ8NR232;
				ENABLE_PREVIEWS = YES;
				GENERATE_INFOPLIST_FILE = YES;
				INFOPLIST_KEY_UIApplicationSceneManifest_Generation = YES;
				INFOPLIST_KEY_UIApplicationSupportsIndirectInputEvents = YES;
				INFOPLIST_KEY_UILaunchScreen_Generation = YES;
				INFOPLIST_KEY_UISupportedInterfaceOrientations_iPad = "UIInterfaceOrientationPortrait UIInterfaceOrientationPortraitUpsideDown UIInterfaceOrientationLandscapeLeft UIInterfaceOrientationLandscapeRight";
				INFOPLIST_KEY_UISupportedInterfaceOrientations_iPhone = "UIInterfaceOrientationPortrait UIInterfaceOrientationLandscapeLeft UIInterfaceOrientationLandscapeRight";
				LD_RUNPATH_SEARCH_PATHS = (
					"$(inherited)",
					"@executable_path/Frameworks",
				);
				MARKETING_VERSION = 1.0;
				PRODUCT_BUNDLE_IDENTIFIER = com.sezertunca.MapsTest;
				PRODUCT_NAME = "Discovery Demo";
				SWIFT_EMIT_LOC_STRINGS = YES;
				SWIFT_VERSION = 5.0;
				TARGETED_DEVICE_FAMILY = "1,2";
			};
			name = Debug;
		};
		ACB934652760F349003144B2 /* Release */ = {
			isa = XCBuildConfiguration;
			buildSettings = {
				ASSETCATALOG_COMPILER_APPICON_NAME = AppIcon;
				ASSETCATALOG_COMPILER_GLOBAL_ACCENT_COLOR_NAME = AccentColor;
				CODE_SIGN_STYLE = Automatic;
				CURRENT_PROJECT_VERSION = 1;
				DEVELOPMENT_ASSET_PATHS = "\"MapsTest/Preview Content\"";
				DEVELOPMENT_TEAM = BSKZ8NR232;
				ENABLE_PREVIEWS = YES;
				GENERATE_INFOPLIST_FILE = YES;
				INFOPLIST_KEY_UIApplicationSceneManifest_Generation = YES;
				INFOPLIST_KEY_UIApplicationSupportsIndirectInputEvents = YES;
				INFOPLIST_KEY_UILaunchScreen_Generation = YES;
				INFOPLIST_KEY_UISupportedInterfaceOrientations_iPad = "UIInterfaceOrientationPortrait UIInterfaceOrientationPortraitUpsideDown UIInterfaceOrientationLandscapeLeft UIInterfaceOrientationLandscapeRight";
				INFOPLIST_KEY_UISupportedInterfaceOrientations_iPhone = "UIInterfaceOrientationPortrait UIInterfaceOrientationLandscapeLeft UIInterfaceOrientationLandscapeRight";
				LD_RUNPATH_SEARCH_PATHS = (
					"$(inherited)",
					"@executable_path/Frameworks",
				);
				MARKETING_VERSION = 1.0;
				PRODUCT_BUNDLE_IDENTIFIER = com.sezertunca.MapsTest;
				PRODUCT_NAME = "Discovery Demo";
				SWIFT_EMIT_LOC_STRINGS = YES;
				SWIFT_VERSION = 5.0;
				TARGETED_DEVICE_FAMILY = "1,2";
			};
			name = Release;
		};
/* End XCBuildConfiguration section */

/* Begin XCConfigurationList section */
		ACB934502760F348003144B2 /* Build configuration list for PBXProject "MapsTest" */ = {
			isa = XCConfigurationList;
			buildConfigurations = (
				ACB934612760F349003144B2 /* Debug */,
				ACB934622760F349003144B2 /* Release */,
			);
			defaultConfigurationIsVisible = 0;
			defaultConfigurationName = Release;
		};
		ACB934632760F349003144B2 /* Build configuration list for PBXNativeTarget "MapsTest" */ = {
			isa = XCConfigurationList;
			buildConfigurations = (
				ACB934642760F349003144B2 /* Debug */,
				ACB934652760F349003144B2 /* Release */,
			);
			defaultConfigurationIsVisible = 0;
			defaultConfigurationName = Release;
		};
/* End XCConfigurationList section */
	};
	rootObject = ACB9344D2760F348003144B2 /* Project object */;
}
